
Microsoft Visual Studio Solution File, Format Version 12.00
# Visual Studio 15
VisualStudioVersion = 15.0.28307.1062
MinimumVisualStudioVersion = 10.0.40219.1
Project("{8BC9CEB8-8B4A-11D0-8D11-00A0C91BC942}") = "Got6_30", "Got6_30\Got6_30.vcxproj", "{7A403372-62ED-4BEF-81D0-E0B072970438}"
EndProject
Global
	GlobalSection(SolutionConfigurationPlatforms) = preSolution
		Debug|x64 = Debug|x64
		Debug|x86 = Debug|x86
		Release|x64 = Release|x64
		Release|x86 = Release|x86
	EndGlobalSection
	GlobalSection(ProjectConfigurationPlatforms) = postSolution
		{7A403372-62ED-4BEF-81D0-E0B072970438}.Debug|x64.ActiveCfg = Debug|x64
		{7A403372-62ED-4BEF-81D0-E0B072970438}.Debug|x64.Build.0 = Debug|x64
		{7A403372-62ED-4BEF-81D0-E0B072970438}.Debug|x86.ActiveCfg = Debug|Win32
		{7A403372-62ED-4BEF-81D0-E0B072970438}.Debug|x86.Build.0 = Debug|Win32
		{7A403372-62ED-4BEF-81D0-E0B072970438}.Release|x64.ActiveCfg = Release|x64
		{7A403372-62ED-4BEF-81D0-E0B072970438}.Release|x64.Build.0 = Release|x64
		{7A403372-62ED-4BEF-81D0-E0B072970438}.Release|x86.ActiveCfg = Release|Win32
		{7A403372-62ED-4BEF-81D0-E0B072970438}.Release|x86.Build.0 = Release|Win32
	EndGlobalSection
	GlobalSection(SolutionProperties) = preSolution
		HideSolutionNode = FALSE
	EndGlobalSection
	GlobalSection(ExtensibilityGlobals) = postSolution
		SolutionGuid = {D49DA5D0-D935-4D8E-B831-D036DA7AF6A1}
	EndGlobalSection
EndGlobal
